PODS:
  - ble (0.0.1):
    - Flutter
  - Flutter (1.0.0)
  - "permission_handler (5.0.1+1)":
    - Flutter
  - shared_preferences (0.0.1):
    - Flutter

DEPENDENCIES:
  - ble (from `.symlinks/plugins/ble/ios`)
  - Flutter (from `Flutter`)
  - permission_handler (from `.symlinks/plugins/permission_handler/ios`)
  - shared_preferences (from `.symlinks/plugins/shared_preferences/ios`)

EXTERNAL SOURCES:
  ble:
    :path: ".symlinks/plugins/ble/ios"
  Flutter:
    :path: Flutter
  permission_handler:
    :path: ".symlinks/plugins/permission_handler/ios"
  shared_preferences:
    :path: ".symlinks/plugins/shared_preferences/ios"

SPEC CHECKSUMS:
  ble: 00008cc3bcc2428e4e7365d808e7cce26c2b2620
  Flutter: 0e3d915762c693b495b44d77113d4970485de6ec
  permission_handler: eac8e15b4a1a3fba55b761d19f3f4e6b005d15b6
  shared_preferences: af6bfa751691cdc24be3045c43ec037377ada40d

PODFILE CHECKSUM: 8e679eca47255a8ca8067c4c67aab20e64cb974d

COCOAPODS: 1.9.3
